
Microsoft Visual Studio Solution File, Format Version 12.00
# Visual Studio Version 17
VisualStudioVersion = 17.14.36518.9 d17.14
MinimumVisualStudioVersion = 10.0.40219.1
Project("{FAE04EC0-301F-11D3-BF4B-00C04F79EFBC}") = "mff-apis-web-services-fuel-manager", "mff-apis-web-services-fuel-manager\mff-apis-web-services-fuel-manager.csproj", "{C6F490E6-CDE0-4689-9424-981D8DC5FF9C}"
EndProject
Global
	GlobalSection(SolutionConfigurationPlatforms) = preSolution
		Debug|Any CPU = Debug|Any CPU
		Release|Any CPU = Release|Any CPU
	EndGlobalSection
	GlobalSection(ProjectConfigurationPlatforms) = postSolution
		{C6F490E6-CDE0-4689-9424-981D8DC5FF9C}.Debug|Any CPU.ActiveCfg = Debug|Any CPU
		{C6F490E6-CDE0-4689-9424-981D8DC5FF9C}.Debug|Any CPU.Build.0 = Debug|Any CPU
		{C6F490E6-CDE0-4689-9424-981D8DC5FF9C}.Release|Any CPU.ActiveCfg = Release|Any CPU
		{C6F490E6-CDE0-4689-9424-981D8DC5FF9C}.Release|Any CPU.Build.0 = Release|Any CPU
	EndGlobalSection
	GlobalSection(SolutionProperties) = preSolution
		HideSolutionNode = FALSE
	EndGlobalSection
	GlobalSection(ExtensibilityGlobals) = postSolution
		SolutionGuid = {C2CFF6BF-F307-4F0F-A2C5-CDFC7C2AB312}
	EndGlobalSection
EndGlobal
